
Microsoft Visual Studio Solution File, Format Version 12.00
# Visual Studio Version 17
VisualStudioVersion = 17.8.34525.116
MinimumVisualStudioVersion = 10.0.40219.1
Project("{FAE04EC0-301F-11D3-BF4B-00C04F79EFBC}") = "Parser_v0.2", "Parser_v0.2\Parser_v0.2.csproj", "{77BEFB00-C976-46E7-ADCC-BE4AB7AC3E0B}"
EndProject
Global
	GlobalSection(SolutionConfigurationPlatforms) = preSolution
		Debug|Any CPU = Debug|Any CPU
		Release|Any CPU = Release|Any CPU
	EndGlobalSection
	GlobalSection(ProjectConfigurationPlatforms) = postSolution
		{77BEFB00-C976-46E7-ADCC-BE4AB7AC3E0B}.Debug|Any CPU.ActiveCfg = Debug|Any CPU
		{77BEFB00-C976-46E7-ADCC-BE4AB7AC3E0B}.Debug|Any CPU.Build.0 = Debug|Any CPU
		{77BEFB00-C976-46E7-ADCC-BE4AB7AC3E0B}.Release|Any CPU.ActiveCfg = Release|Any CPU
		{77BEFB00-C976-46E7-ADCC-BE4AB7AC3E0B}.Release|Any CPU.Build.0 = Release|Any CPU
	EndGlobalSection
	GlobalSection(SolutionProperties) = preSolution
		HideSolutionNode = FALSE
	EndGlobalSection
	GlobalSection(ExtensibilityGlobals) = postSolution
		SolutionGuid = {80D7DEB0-4D73-4FDD-BC87-454895B385B3}
	EndGlobalSection
EndGlobal
